// !$*UTF8*$!
{
	archiveVersion = 1;
	classes = {
	};
	objectVersion = 50;
	objects = {

/* Begin PBXBuildFile section */
		FCE2873524E1A8B300F72ADC /* WidgetHeroApp.swift in Sources */ = {isa = PBXBuildFile; fileRef = FCE2873424E1A8B300F72ADC /* WidgetHeroApp.swift */; };
		FCE2873724E1A8B300F72ADC /* ContentView.swift in Sources */ = {isa = PBXBuildFile; fileRef = FCE2873624E1A8B300F72ADC /* ContentView.swift */; };
		FCE2873924E1A8B800F72ADC /* Assets.xcassets in Resources */ = {isa = PBXBuildFile; fileRef = FCE2873824E1A8B800F72ADC /* Assets.xcassets */; };
		FCE2873C24E1A8B800F72ADC /* Preview Assets.xcassets in Resources */ = {isa = PBXBuildFile; fileRef = FCE2873B24E1A8B800F72ADC /* Preview Assets.xcassets */; };
/* End PBXBuildFile section */

/* Begin PBXFileReference section */
		FCE2873124E1A8B300F72ADC /* WidgetHero.app */ = {isa = PBXFileReference; explicitFileType = wrapper.application; includeInIndex = 0; path = WidgetHero.app; sourceTree = BUILT_PRODUCTS_DIR; };
		FCE2873424E1A8B300F72ADC /* WidgetHeroApp.swift */ = {isa = PBXFileReference; lastKnownFileType = sourcecode.swift; path = WidgetHeroApp.swift; sourceTree = "<group>"; };
		FCE2873624E1A8B300F72ADC /* ContentView.swift */ = {isa = PBXFileReference; lastKnownFileType = sourcecode.swift; path = ContentView.swift; sourceTree = "<group>"; };
		FCE2873824E1A8B800F72ADC /* Assets.xcassets */ = {isa = PBXFileReference; lastKnownFileType = folder.assetcatalog; path = Assets.xcassets; sourceTree = "<group>"; };
		FCE2873B24E1A8B800F72ADC /* Preview Assets.xcassets */ = {isa = PBXFileReference; lastKnownFileType = folder.assetcatalog; path = "Preview Assets.xcassets"; sourceTree = "<group>"; };
		FCE2873D24E1A8B800F72ADC /* Info.plist */ = {isa = PBXFileReference; lastKnownFileType = text.plist.xml; path = Info.plist; sourceTree = "<group>"; };
/* End PBXFileReference section */

/* Begin PBXFrameworksBuildPhase section */
		FCE2872E24E1A8B300F72ADC /* Frameworks */ = {
			isa = PBXFrameworksBuildPhase;
			buildActionMask = 2147483647;
			files = (
			);
			runOnlyForDeploymentPostprocessing = 0;
		};
/* End PBXFrameworksBuildPhase section */

/* Begin PBXGroup section */
		FCE2872824E1A8B300F72ADC = {
			isa = PBXGroup;
			children = (
				FCE2873324E1A8B300F72ADC /* WidgetHero */,
				FCE2873224E1A8B300F72ADC /* Products */,
			);
			sourceTree = "<group>";
		};
		FCE2873224E1A8B300F72ADC /* Products */ = {
			isa = PBXGroup;
			children = (
				FCE2873124E1A8B300F72ADC /* WidgetHero.app */,
			);
			name = Products;
			sourceTree = "<group>";
		};
		FCE2873324E1A8B300F72ADC /* WidgetHero */ = {
			isa = PBXGroup;
			children = (
				FCE2873424E1A8B300F72ADC /* WidgetHeroApp.swift */,
				FCE2873624E1A8B300F72ADC /* ContentView.swift */,
				FCE2873824E1A8B800F72ADC /* Assets.xcassets */,
				FCE2873D24E1A8B800F72ADC /* Info.plist */,
				FCE2873A24E1A8B800F72ADC /* Preview Content */,
			);
			path = WidgetHero;
			sourceTree = "<group>";
		};
		FCE2873A24E1A8B800F72ADC /* Preview Content */ = {
			isa = PBXGroup;
			children = (
				FCE2873B24E1A8B800F72ADC /* Preview Assets.xcassets */,
			);
			path = "Preview Content";
			sourceTree = "<group>";
		};
/* End PBXGroup section */

/* Begin PBXNativeTarget section */
		FCE2873024E1A8B300F72ADC /* WidgetHero */ = {
			isa = PBXNativeTarget;
			buildConfigurationList = FCE2874024E1A8B800F72ADC /* Build configuration list for PBXNativeTarget "WidgetHero" */;
			buildPhases = (
				FCE2872D24E1A8B300F72ADC /* Sources */,
				FCE2872E24E1A8B300F72ADC /* Frameworks */,
				FCE2872F24E1A8B300F72ADC /* Resources */,
			);
			buildRules = (
			);
			dependencies = (
			);
			name = WidgetHero;
			productName = WidgetHero;
			productReference = FCE2873124E1A8B300F72ADC /* WidgetHero.app */;
			productType = "com.apple.product-type.application";
		};
/* End PBXNativeTarget section */

/* Begin PBXProject section */
		FCE2872924E1A8B300F72ADC /* Project object */ = {
			isa = PBXProject;
			attributes = {
				LastSwiftUpdateCheck = 1200;
				LastUpgradeCheck = 1200;
				TargetAttributes = {
					FCE2873024E1A8B300F72ADC = {
						CreatedOnToolsVersion = 12.0;
					};
				};
			};
			buildConfigurationList = FCE2872C24E1A8B300F72ADC /* Build configuration list for PBXProject "WidgetHero" */;
			compatibilityVersion = "Xcode 9.3";
			developmentRegion = en;
			hasScannedForEncodings = 0;
			knownRegions = (
				en,
				Base,
			);
			mainGroup = FCE2872824E1A8B300F72ADC;
			productRefGroup = FCE2873224E1A8B300F72ADC /* Products */;
			projectDirPath = "";
			projectRoot = "";
			targets = (
				FCE2873024E1A8B300F72ADC /* WidgetHero */,
			);
		};
/* End PBXProject section */

/* Begin PBXResourcesBuildPhase section */
		FCE2872F24E1A8B300F72ADC /* Resources */ = {
			isa = PBXResourcesBuildPhase;
			buildActionMask = 2147483647;
			files = (
				FCE2873C24E1A8B800F72ADC /* Preview Assets.xcassets in Resources */,
				FCE2873924E1A8B800F72ADC /* Assets.xcassets in Resources */,
			);
			runOnlyForDeploymentPostprocessing = 0;
		};
/* End PBXResourcesBuildPhase section */

/* Begin PBXSourcesBuildPhase section */
		FCE2872D24E1A8B300F72ADC /* Sources */ = {
			isa = PBXSourcesBuildPhase;
			buildActionMask = 2147483647;
			files = (
				FCE2873724E1A8B300F72ADC /* ContentView.swift in Sources */,
				FCE2873524E1A8B300F72ADC /* WidgetHeroApp.swift in Sources */,
			);
			runOnlyForDeploymentPostprocessing = 0;
		};
/* End PBXSourcesBuildPhase section */

/* Begin XCBuildConfiguration section */
		FCE2873E24E1A8B800F72ADC /* Debug */ = {
			isa = XCBuildConfiguration;
			buildSettings = {
				ALWAYS_SEARCH_USER_PATHS = NO;
				CLANG_ANALYZER_NONNULL = YES;
				CLANG_ANALYZER_NUMBER_OBJECT_CONVERSION = YES_AGGRESSIVE;
				CLANG_CXX_LANGUAGE_STANDARD = "gnu++14";
				CLANG_CXX_LIBRARY = "libc++";
				CLANG_ENABLE_MODULES = YES;
				CLANG_ENABLE_OBJC_ARC = YES;
				CLANG_ENABLE_OBJC_WEAK = YES;
				CLANG_WARN_BLOCK_CAPTURE_AUTORELEASING = YES;
				CLANG_WARN_BOOL_CONVERSION = YES;
				CLANG_WARN_COMMA = YES;
				CLANG_WARN_CONSTANT_CONVERSION = YES;
				CLANG_WARN_DEPRECATED_OBJC_IMPLEMENTATIONS = YES;
				CLANG_WARN_DIRECT_OBJC_ISA_USAGE = YES_ERROR;
				CLANG_WARN_DOCUMENTATION_COMMENTS = YES;
				CLANG_WARN_EMPTY_BODY = YES;
				CLANG_WARN_ENUM_CONVERSION = YES;
				CLANG_WARN_INFINITE_RECURSION = YES;
				CLANG_WARN_INT_CONVERSION = YES;
				CLANG_WARN_NON_LITERAL_NULL_CONVERSION = YES;
				CLANG_WARN_OBJC_IMPLICIT_RETAIN_SELF = YES;
				CLANG_WARN_OBJC_LITERAL_CONVERSION = YES;
				CLANG_WARN_OBJC_ROOT_CLASS = YES_ERROR;
				CLANG_WARN_QUOTED_INCLUDE_IN_FRAMEWORK_HEADER = YES;
				CLANG_WARN_RANGE_LOOP_ANALYSIS = YES;
				CLANG_WARN_STRICT_PROTOTYPES = YES;
				CLANG_WARN_SUSPICIOUS_MOVE = YES;
				CLANG_WARN_UNGUARDED_AVAILABILITY = YES_AGGRESSIVE;
				CLANG_WARN_UNREACHABLE_CODE = YES;
				CLANG_WARN__DUPLICATE_METHOD_MATCH = YES;
				COPY_PHASE_STRIP = NO;
				DEBUG_INFORMATION_FORMAT = dwarf;
				ENABLE_STRICT_OBJC_MSGSEND = YES;
				ENABLE_TESTABILITY = YES;
				GCC_C_LANGUAGE_STANDARD = gnu11;
				GCC_DYNAMIC_NO_PIC = NO;
				GCC_NO_COMMON_BLOCKS = YES;
				GCC_OPTIMIZATION_LEVEL = 0;
				GCC_PREPROCESSOR_DEFINITIONS = (
					"DEBUG=1",
					"$(inherited)",
				);
				GCC_WARN_64_TO_32_BIT_CONVERSION = YES;
				GCC_WARN_ABOUT_RETURN_TYPE = YES_ERROR;
				GCC_WARN_UNDECLARED_SELECTOR = YES;
				GCC_WARN_UNINITIALIZED_AUTOS = YES_AGGRESSIVE;
				GCC_WARN_UNUSED_FUNCTION = YES;
				GCC_WARN_UNUSED_VARIABLE = YES;
				IPHONEOS_DEPLOYMENT_TARGET = 14.0;
				MTL_ENABLE_DEBUG_INFO = INCLUDE_SOURCE;
				MTL_FAST_MATH = YES;
				ONLY_ACTIVE_ARCH = YES;
				SDKROOT = iphoneos;
				SWIFT_ACTIVE_COMPILATION_CONDITIONS = DEBUG;
				SWIFT_OPTIMIZATION_LEVEL = "-Onone";
			};
			name = Debug;
		};
		FCE2873F24E1A8B800F72ADC /* Release */ = {
			isa = XCBuildConfiguration;
			buildSettings = {
				ALWAYS_SEARCH_USER_PATHS = NO;
				CLANG_ANALYZER_NONNULL = YES;
				CLANG_ANALYZER_NUMBER_OBJECT_CONVERSION = YES_AGGRESSIVE;
				CLANG_CXX_LANGUAGE_STANDARD = "gnu++14";
				CLANG_CXX_LIBRARY = "libc++";
				CLANG_ENABLE_MODULES = YES;
				CLANG_ENABLE_OBJC_ARC = YES;
				CLANG_ENABLE_OBJC_WEAK = YES;
				CLANG_WARN_BLOCK_CAPTURE_AUTORELEASING = YES;
				CLANG_WARN_BOOL_CONVERSION = YES;
				CLANG_WARN_COMMA = YES;
				CLANG_WARN_CONSTANT_CONVERSION = YES;
				CLANG_WARN_DEPRECATED_OBJC_IMPLEMENTATIONS = YES;
				CLANG_WARN_DIRECT_OBJC_ISA_USAGE = YES_ERROR;
				CLANG_WARN_DOCUMENTATION_COMMENTS = YES;
				CLANG_WARN_EMPTY_BODY = YES;
				CLANG_WARN_ENUM_CONVERSION = YES;
				CLANG_WARN_INFINITE_RECURSION = YES;
				CLANG_WARN_INT_CONVERSION = YES;
				CLANG_WARN_NON_LITERAL_NULL_CONVERSION = YES;
				CLANG_WARN_OBJC_IMPLICIT_RETAIN_SELF = YES;
				CLANG_WARN_OBJC_LITERAL_CONVERSION = YES;
				CLANG_WARN_OBJC_ROOT_CLASS = YES_ERROR;
				CLANG_WARN_QUOTED_INCLUDE_IN_FRAMEWORK_HEADER = YES;
				CLANG_WARN_RANGE_LOOP_ANALYSIS = YES;
				CLANG_WARN_STRICT_PROTOTYPES = YES;
				CLANG_WARN_SUSPICIOUS_MOVE = YES;
				CLANG_WARN_UNGUARDED_AVAILABILITY = YES_AGGRESSIVE;
				CLANG_WARN_UNREACHABLE_CODE = YES;
				CLANG_WARN__DUPLICATE_METHOD_MATCH = YES;
				COPY_PHASE_STRIP = NO;
				DEBUG_INFORMATION_FORMAT = "dwarf-with-dsym";
				ENABLE_NS_ASSERTIONS = NO;
				ENABLE_STRICT_OBJC_MSGSEND = YES;
				GCC_C_LANGUAGE_STANDARD = gnu11;
				GCC_NO_COMMON_BLOCKS = YES;
				GCC_WARN_64_TO_32_BIT_CONVERSION = YES;
				GCC_WARN_ABOUT_RETURN_TYPE = YES_ERROR;
				GCC_WARN_UNDECLARED_SELECTOR = YES;
				GCC_WARN_UNINITIALIZED_AUTOS = YES_AGGRESSIVE;
				GCC_WARN_UNUSED_FUNCTION = YES;
				GCC_WARN_UNUSED_VARIABLE = YES;
				IPHONEOS_DEPLOYMENT_TARGET = 14.0;
				MTL_ENABLE_DEBUG_INFO = NO;
				MTL_FAST_MATH = YES;
				SDKROOT = iphoneos;
				SWIFT_COMPILATION_MODE = wholemodule;
				SWIFT_OPTIMIZATION_LEVEL = "-O";
				VALIDATE_PRODUCT = YES;
			};
			name = Release;
		};
		FCE2874124E1A8B800F72ADC /* Debug */ = {
			isa = XCBuildConfiguration;
			buildSettings = {
				ASSETCATALOG_COMPILER_APPICON_NAME = AppIcon;
				ASSETCATALOG_COMPILER_GLOBAL_ACCENT_COLOR_NAME = AccentColor;
				CODE_SIGN_STYLE = Automatic;
				DEVELOPMENT_ASSET_PATHS = "\"WidgetHero/Preview Content\"";
				DEVELOPMENT_TEAM = 7SH627DBA4;
				ENABLE_PREVIEWS = YES;
				INFOPLIST_FILE = WidgetHero/Info.plist;
				IPHONEOS_DEPLOYMENT_TARGET = 14.0;
				LD_RUNPATH_SEARCH_PATHS = (
					"$(inherited)",
					"@executable_path/Frameworks",
				);
				PRODUCT_BUNDLE_IDENTIFIER = com.atilsamancioglu.WidgetHero;
				PRODUCT_NAME = "$(TARGET_NAME)";
				SWIFT_VERSION = 5.0;
				TARGETED_DEVICE_FAMILY = "1,2";
			};
			name = Debug;
		};
		FCE2874224E1A8B800F72ADC /* Release */ = {
			isa = XCBuildConfiguration;
			buildSettings = {
				ASSETCATALOG_COMPILER_APPICON_NAME = AppIcon;
				ASSETCATALOG_COMPILER_GLOBAL_ACCENT_COLOR_NAME = AccentColor;
				CODE_SIGN_STYLE = Automatic;
				DEVELOPMENT_ASSET_PATHS = "\"WidgetHero/Preview Content\"";
				DEVELOPMENT_TEAM = 7SH627DBA4;
				ENABLE_PREVIEWS = YES;
				INFOPLIST_FILE = WidgetHero/Info.plist;
				IPHONEOS_DEPLOYMENT_TARGET = 14.0;
				LD_RUNPATH_SEARCH_PATHS = (
					"$(inherited)",
					"@executable_path/Frameworks",
				);
				PRODUCT_BUNDLE_IDENTIFIER = com.atilsamancioglu.WidgetHero;
				PRODUCT_NAME = "$(TARGET_NAME)";
				SWIFT_VERSION = 5.0;
				TARGETED_DEVICE_FAMILY = "1,2";
			};
			name = Release;
		};
/* End XCBuildConfiguration section */

/* Begin XCConfigurationList section */
		FCE2872C24E1A8B300F72ADC /* Build configuration list for PBXProject "WidgetHero" */ = {
			isa = XCConfigurationList;
			buildConfigurations = (
				FCE2873E24E1A8B800F72ADC /* Debug */,
				FCE2873F24E1A8B800F72ADC /* Release */,
			);
			defaultConfigurationIsVisible = 0;
			defaultConfigurationName = Release;
		};
		FCE2874024E1A8B800F72ADC /* Build configuration list for PBXNativeTarget "WidgetHero" */ = {
			isa = XCConfigurationList;
			buildConfigurations = (
				FCE2874124E1A8B800F72ADC /* Debug */,
				FCE2874224E1A8B800F72ADC /* Release */,
			);
			defaultConfigurationIsVisible = 0;
			defaultConfigurationName = Release;
		};
/* End XCConfigurationList section */
	};
	rootObject = FCE2872924E1A8B300F72ADC /* Project object */;
}
